
Microsoft Visual Studio Solution File, Format Version 12.00
# Visual Studio Version 16
VisualStudioVersion = 16.0.31105.61
MinimumVisualStudioVersion = 10.0.40219.1
Project("{9A19103F-16F7-4668-BE54-9A1E7A4F7556}") = "Interface", "Interface\Interface.csproj", "{EA1C5EC9-E822-4737-B454-F7DC532D8E3F}"
EndProject
Project("{9A19103F-16F7-4668-BE54-9A1E7A4F7556}") = "CountryManager", "CountryManager\CountryManager.csproj", "{C3E941DF-837E-4C80-8042-527BC7422054}"
EndProject
Project("{9A19103F-16F7-4668-BE54-9A1E7A4F7556}") = "PopManager", "PopManager\PopManager.csproj", "{B232E10E-D473-4131-BCF7-8755B353038E}"
EndProject
Project("{9A19103F-16F7-4668-BE54-9A1E7A4F7556}") = "ModManager", "ModManager\ModManager.csproj", "{A37124B3-1CBE-4595-83A0-47E933832F74}"
EndProject
Project("{9A19103F-16F7-4668-BE54-9A1E7A4F7556}") = "Facade", "Facade\Facade.csproj", "{A05DB21B-40F0-4F24-9E14-BA4BA869443F}"
EndProject
Global
	GlobalSection(SolutionConfigurationPlatforms) = preSolution
		Debug|Any CPU = Debug|Any CPU
		Release|Any CPU = Release|Any CPU
	EndGlobalSection
	GlobalSection(ProjectConfigurationPlatforms) = postSolution
		{EA1C5EC9-E822-4737-B454-F7DC532D8E3F}.Debug|Any CPU.ActiveCfg = Debug|Any CPU
		{EA1C5EC9-E822-4737-B454-F7DC532D8E3F}.Debug|Any CPU.Build.0 = Debug|Any CPU
		{EA1C5EC9-E822-4737-B454-F7DC532D8E3F}.Release|Any CPU.ActiveCfg = Release|Any CPU
		{EA1C5EC9-E822-4737-B454-F7DC532D8E3F}.Release|Any CPU.Build.0 = Release|Any CPU
		{C3E941DF-837E-4C80-8042-527BC7422054}.Debug|Any CPU.ActiveCfg = Debug|Any CPU
		{C3E941DF-837E-4C80-8042-527BC7422054}.Debug|Any CPU.Build.0 = Debug|Any CPU
		{C3E941DF-837E-4C80-8042-527BC7422054}.Release|Any CPU.ActiveCfg = Release|Any CPU
		{C3E941DF-837E-4C80-8042-527BC7422054}.Release|Any CPU.Build.0 = Release|Any CPU
		{B232E10E-D473-4131-BCF7-8755B353038E}.Debug|Any CPU.ActiveCfg = Debug|Any CPU
		{B232E10E-D473-4131-BCF7-8755B353038E}.Debug|Any CPU.Build.0 = Debug|Any CPU
		{B232E10E-D473-4131-BCF7-8755B353038E}.Release|Any CPU.ActiveCfg = Release|Any CPU
		{B232E10E-D473-4131-BCF7-8755B353038E}.Release|Any CPU.Build.0 = Release|Any CPU
		{A37124B3-1CBE-4595-83A0-47E933832F74}.Debug|Any CPU.ActiveCfg = Debug|Any CPU
		{A37124B3-1CBE-4595-83A0-47E933832F74}.Debug|Any CPU.Build.0 = Debug|Any CPU
		{A37124B3-1CBE-4595-83A0-47E933832F74}.Release|Any CPU.ActiveCfg = Release|Any CPU
		{A37124B3-1CBE-4595-83A0-47E933832F74}.Release|Any CPU.Build.0 = Release|Any CPU
		{A05DB21B-40F0-4F24-9E14-BA4BA869443F}.Debug|Any CPU.ActiveCfg = Debug|Any CPU
		{A05DB21B-40F0-4F24-9E14-BA4BA869443F}.Debug|Any CPU.Build.0 = Debug|Any CPU
		{A05DB21B-40F0-4F24-9E14-BA4BA869443F}.Release|Any CPU.ActiveCfg = Release|Any CPU
		{A05DB21B-40F0-4F24-9E14-BA4BA869443F}.Release|Any CPU.Build.0 = Release|Any CPU
	EndGlobalSection
	GlobalSection(SolutionProperties) = preSolution
		HideSolutionNode = FALSE
	EndGlobalSection
	GlobalSection(ExtensibilityGlobals) = postSolution
		SolutionGuid = {9326BB4A-34C5-4EB0-B3F1-A8A2BB9D9387}
	EndGlobalSection
EndGlobal
